
Microsoft Visual Studio Solution File, Format Version 12.00
# Visual Studio Version 17
VisualStudioVersion = 17.14.36327.8 d17.14
MinimumVisualStudioVersion = 10.0.40219.1
Project("{FAE04EC0-301F-11D3-BF4B-00C04F79EFBC}") = "Publisher", "Publisher\Publisher.csproj", "{AE64ECB4-B0F6-475A-AF8E-70FDF75FCE12}"
EndProject
Project("{FAE04EC0-301F-11D3-BF4B-00C04F79EFBC}") = "Consumer", "Consumer\Consumer.csproj", "{51BB3BCE-97F9-4D7B-8741-A4704D36AB98}"
EndProject
Global
	GlobalSection(SolutionConfigurationPlatforms) = preSolution
		Debug|Any CPU = Debug|Any CPU
		Release|Any CPU = Release|Any CPU
	EndGlobalSection
	GlobalSection(ProjectConfigurationPlatforms) = postSolution
		{AE64ECB4-B0F6-475A-AF8E-70FDF75FCE12}.Debug|Any CPU.ActiveCfg = Debug|Any CPU
		{AE64ECB4-B0F6-475A-AF8E-70FDF75FCE12}.Debug|Any CPU.Build.0 = Debug|Any CPU
		{AE64ECB4-B0F6-475A-AF8E-70FDF75FCE12}.Release|Any CPU.ActiveCfg = Release|Any CPU
		{AE64ECB4-B0F6-475A-AF8E-70FDF75FCE12}.Release|Any CPU.Build.0 = Release|Any CPU
		{51BB3BCE-97F9-4D7B-8741-A4704D36AB98}.Debug|Any CPU.ActiveCfg = Debug|Any CPU
		{51BB3BCE-97F9-4D7B-8741-A4704D36AB98}.Debug|Any CPU.Build.0 = Debug|Any CPU
		{51BB3BCE-97F9-4D7B-8741-A4704D36AB98}.Release|Any CPU.ActiveCfg = Release|Any CPU
		{51BB3BCE-97F9-4D7B-8741-A4704D36AB98}.Release|Any CPU.Build.0 = Release|Any CPU
	EndGlobalSection
	GlobalSection(SolutionProperties) = preSolution
		HideSolutionNode = FALSE
	EndGlobalSection
	GlobalSection(ExtensibilityGlobals) = postSolution
		SolutionGuid = {B478F58F-34DB-4F73-BA90-8ED8C5A7926D}
	EndGlobalSection
EndGlobal
